Microsoft Visual Studio Solution File, Format Version 12.00
# Visual Studio Version 17
VisualStudioVersion = 17.5.2.0
MinimumVisualStudioVersion = 10.0.40219.1
Project("{2150E333-8FDC-42A3-9474-1A3956D46DE8}") = "src", "src", "{827E0CD3-B72D-47B6-A68D-7590B98EB39B}"
EndProject
Project("{2150E333-8FDC-42A3-9474-1A3956D46DE8}") = "backend", "backend", "{FE360695-3F2B-1049-3887-35FBB5135923}"
EndProject
Project("{FAE04EC0-301F-11D3-BF4B-00C04F79EFBC}") = "Api", "src\backend\Api\Api.csproj", "{600E711B-1A73-768F-93F8-1A26C4691C8C}"
EndProject
Project("{FAE04EC0-301F-11D3-BF4B-00C04F79EFBC}") = "Application", "src\backend\Application\Application.csproj", "{92CC2177-C279-B1F5-ECD7-E50FD8D45726}"
EndProject
Project("{FAE04EC0-301F-11D3-BF4B-00C04F79EFBC}") = "Infrastructure", "src\backend\Infrastructure\Infrastructure.csproj", "{1C2D66CE-DFCB-082C-FC3E-0348A484955F}"
EndProject
Project("{FAE04EC0-301F-11D3-BF4B-00C04F79EFBC}") = "Domain", "src\backend\Domain\Domain.csproj", "{83A6183D-9B90-1D62-1F95-616F543FB326}"
EndProject
Global
	GlobalSection(SolutionConfigurationPlatforms) = preSolution
		Debug|Any CPU = Debug|Any CPU
		Release|Any CPU = Release|Any CPU
	EndGlobalSection
	GlobalSection(ProjectConfigurationPlatforms) = postSolution
		{600E711B-1A73-768F-93F8-1A26C4691C8C}.Debug|Any CPU.ActiveCfg = Debug|Any CPU
		{600E711B-1A73-768F-93F8-1A26C4691C8C}.Debug|Any CPU.Build.0 = Debug|Any CPU
		{600E711B-1A73-768F-93F8-1A26C4691C8C}.Release|Any CPU.ActiveCfg = Release|Any CPU
		{600E711B-1A73-768F-93F8-1A26C4691C8C}.Release|Any CPU.Build.0 = Release|Any CPU
		{92CC2177-C279-B1F5-ECD7-E50FD8D45726}.Debug|Any CPU.ActiveCfg = Debug|Any CPU
		{92CC2177-C279-B1F5-ECD7-E50FD8D45726}.Debug|Any CPU.Build.0 = Debug|Any CPU
		{92CC2177-C279-B1F5-ECD7-E50FD8D45726}.Release|Any CPU.ActiveCfg = Release|Any CPU
		{92CC2177-C279-B1F5-ECD7-E50FD8D45726}.Release|Any CPU.Build.0 = Release|Any CPU
		{1C2D66CE-DFCB-082C-FC3E-0348A484955F}.Debug|Any CPU.ActiveCfg = Debug|Any CPU
		{1C2D66CE-DFCB-082C-FC3E-0348A484955F}.Debug|Any CPU.Build.0 = Debug|Any CPU
		{1C2D66CE-DFCB-082C-FC3E-0348A484955F}.Release|Any CPU.ActiveCfg = Release|Any CPU
		{1C2D66CE-DFCB-082C-FC3E-0348A484955F}.Release|Any CPU.Build.0 = Release|Any CPU
		{83A6183D-9B90-1D62-1F95-616F543FB326}.Debug|Any CPU.ActiveCfg = Debug|Any CPU
		{83A6183D-9B90-1D62-1F95-616F543FB326}.Debug|Any CPU.Build.0 = Debug|Any CPU
		{83A6183D-9B90-1D62-1F95-616F543FB326}.Release|Any CPU.ActiveCfg = Release|Any CPU
		{83A6183D-9B90-1D62-1F95-616F543FB326}.Release|Any CPU.Build.0 = Release|Any CPU
	EndGlobalSection
	GlobalSection(SolutionProperties) = preSolution
		HideSolutionNode = FALSE
	EndGlobalSection
	GlobalSection(NestedProjects) = preSolution
		{FE360695-3F2B-1049-3887-35FBB5135923} = {827E0CD3-B72D-47B6-A68D-7590B98EB39B}
		{600E711B-1A73-768F-93F8-1A26C4691C8C} = {FE360695-3F2B-1049-3887-35FBB5135923}
		{92CC2177-C279-B1F5-ECD7-E50FD8D45726} = {FE360695-3F2B-1049-3887-35FBB5135923}
		{1C2D66CE-DFCB-082C-FC3E-0348A484955F} = {FE360695-3F2B-1049-3887-35FBB5135923}
		{83A6183D-9B90-1D62-1F95-616F543FB326} = {FE360695-3F2B-1049-3887-35FBB5135923}
	EndGlobalSection
	GlobalSection(ExtensibilityGlobals) = postSolution
		SolutionGuid = {04291EF3-53AD-49E9-B387-FDD3DE929A13}
	EndGlobalSection
EndGlobal
